Microsoft Visual Studio Solution File, Format Version 12.00
# Visual Studio Version 17
VisualStudioVersion = 17.0.31903.59
MinimumVisualStudioVersion = 10.0.40219.1
Project("{FAE04EC0-301F-11D3-BF4B-00C04F79EFBC}") = "B975RgbApp", "src\B975RgbApp\B975RgbApp.csproj", "{7B6BCEB2-D8D4-49A2-B76B-5F04AC193DB4}"
EndProject
Global
	GlobalSection(SolutionConfigurationPlatforms) = preSolution
		Debug|Any CPU = Debug|Any CPU
		Release|Any CPU = Release|Any CPU
	EndGlobalSection
	GlobalSection(ProjectConfigurationPlatforms) = postSolution
		{7B6BCEB2-D8D4-49A2-B76B-5F04AC193DB4}.Debug|Any CPU.ActiveCfg = Debug|Any CPU
		{7B6BCEB2-D8D4-49A2-B76B-5F04AC193DB4}.Debug|Any CPU.Build.0 = Debug|Any CPU
		{7B6BCEB2-D8D4-49A2-B76B-5F04AC193DB4}.Release|Any CPU.ActiveCfg = Release|Any CPU
		{7B6BCEB2-D8D4-49A2-B76B-5F04AC193DB4}.Release|Any CPU.Build.0 = Release|Any CPU
	EndGlobalSection
EndGlobal
